
Microsoft Visual Studio Solution File, Format Version 12.00
# Visual Studio Version 17
VisualStudioVersion = 17.7.34003.232
MinimumVisualStudioVersion = 10.0.40219.1
Project("{FAE04EC0-301F-11D3-BF4B-00C04F79EFBC}") = "1_NguyenHoaSon_1", "1_NguyenHoaSon_1.csproj", "{2910C195-3F5A-4BFB-8388-0071E30E1EB9}"
EndProject
Global
	GlobalSection(SolutionConfigurationPlatforms) = preSolution
		Debug|Any CPU = Debug|Any CPU
		Release|Any CPU = Release|Any CPU
	EndGlobalSection
	GlobalSection(ProjectConfigurationPlatforms) = postSolution
		{2910C195-3F5A-4BFB-8388-0071E30E1EB9}.Debug|Any CPU.ActiveCfg = Debug|Any CPU
		{2910C195-3F5A-4BFB-8388-0071E30E1EB9}.Debug|Any CPU.Build.0 = Debug|Any CPU
		{2910C195-3F5A-4BFB-8388-0071E30E1EB9}.Release|Any CPU.ActiveCfg = Release|Any CPU
		{2910C195-3F5A-4BFB-8388-0071E30E1EB9}.Release|Any CPU.Build.0 = Release|Any CPU
	EndGlobalSection
	GlobalSection(SolutionProperties) = preSolution
		HideSolutionNode = FALSE
	EndGlobalSection
	GlobalSection(ExtensibilityGlobals) = postSolution
		SolutionGuid = {BBDF6786-290F-4CCC-9B4F-1EE52F18395E}
	EndGlobalSection
EndGlobal
